
Microsoft Visual Studio Solution File, Format Version 12.00
# Visual Studio Version 17
VisualStudioVersion = 17.11.35327.3
MinimumVisualStudioVersion = 10.0.40219.1
Project("{FAE04EC0-301F-11D3-BF4B-00C04F79EFBC}") = "ExampleBooksApp", "ExampleBooksApp\ExampleBooksApp.csproj", "{F9E608BF-C9B0-4151-B9AE-D11010BD8E32}"
EndProject
Project("{FAE04EC0-301F-11D3-BF4B-00C04F79EFBC}") = "ExampleBooksRepository", "ExampleBooksRepository\ExampleBooksRepository.csproj", "{B66D8306-6B7A-4B46-B703-7229E4B85156}"
EndProject
Project("{FAE04EC0-301F-11D3-BF4B-00C04F79EFBC}") = "ExampleBooksService", "ExampleBooksService\ExampleBooksService.csproj", "{2818FEBE-C3F4-4775-9C28-E97CF641E674}"
EndProject
Global
	GlobalSection(SolutionConfigurationPlatforms) = preSolution
		Debug|Any CPU = Debug|Any CPU
		Release|Any CPU = Release|Any CPU
	EndGlobalSection
	GlobalSection(ProjectConfigurationPlatforms) = postSolution
		{F9E608BF-C9B0-4151-B9AE-D11010BD8E32}.Debug|Any CPU.ActiveCfg = Debug|Any CPU
		{F9E608BF-C9B0-4151-B9AE-D11010BD8E32}.Debug|Any CPU.Build.0 = Debug|Any CPU
		{F9E608BF-C9B0-4151-B9AE-D11010BD8E32}.Release|Any CPU.ActiveCfg = Release|Any CPU
		{F9E608BF-C9B0-4151-B9AE-D11010BD8E32}.Release|Any CPU.Build.0 = Release|Any CPU
		{B66D8306-6B7A-4B46-B703-7229E4B85156}.Debug|Any CPU.ActiveCfg = Debug|Any CPU
		{B66D8306-6B7A-4B46-B703-7229E4B85156}.Debug|Any CPU.Build.0 = Debug|Any CPU
		{B66D8306-6B7A-4B46-B703-7229E4B85156}.Release|Any CPU.ActiveCfg = Release|Any CPU
		{B66D8306-6B7A-4B46-B703-7229E4B85156}.Release|Any CPU.Build.0 = Release|Any CPU
		{2818FEBE-C3F4-4775-9C28-E97CF641E674}.Debug|Any CPU.ActiveCfg = Debug|Any CPU
		{2818FEBE-C3F4-4775-9C28-E97CF641E674}.Debug|Any CPU.Build.0 = Debug|Any CPU
		{2818FEBE-C3F4-4775-9C28-E97CF641E674}.Release|Any CPU.ActiveCfg = Release|Any CPU
		{2818FEBE-C3F4-4775-9C28-E97CF641E674}.Release|Any CPU.Build.0 = Release|Any CPU
	EndGlobalSection
	GlobalSection(SolutionProperties) = preSolution
		HideSolutionNode = FALSE
	EndGlobalSection
	GlobalSection(ExtensibilityGlobals) = postSolution
		SolutionGuid = {E257A6FE-E47F-45F4-B407-37E738BA665C}
	EndGlobalSection
EndGlobal
